
Microsoft Visual Studio Solution File, Format Version 12.00
# Visual Studio Version 18
VisualStudioVersion = 18.4.11612.150 stable
MinimumVisualStudioVersion = 10.0.40219.1
Project("{FAE04EC0-301F-11D3-BF4B-00C04F79EFBC}") = "TaskFlow", "TaskFlow.csproj", "{6C8EDB0C-EF28-4ACD-ABB5-1021DC8C8B28}"
EndProject
Global
	GlobalSection(SolutionConfigurationPlatforms) = preSolution
		Debug|Any CPU = Debug|Any CPU
		Release|Any CPU = Release|Any CPU
	EndGlobalSection
	GlobalSection(ProjectConfigurationPlatforms) = postSolution
		{6C8EDB0C-EF28-4ACD-ABB5-1021DC8C8B28}.Debug|Any CPU.ActiveCfg = Debug|Any CPU
		{6C8EDB0C-EF28-4ACD-ABB5-1021DC8C8B28}.Debug|Any CPU.Build.0 = Debug|Any CPU
		{6C8EDB0C-EF28-4ACD-ABB5-1021DC8C8B28}.Release|Any CPU.ActiveCfg = Release|Any CPU
		{6C8EDB0C-EF28-4ACD-ABB5-1021DC8C8B28}.Release|Any CPU.Build.0 = Release|Any CPU
	EndGlobalSection
	GlobalSection(SolutionProperties) = preSolution
		HideSolutionNode = FALSE
	EndGlobalSection
	GlobalSection(ExtensibilityGlobals) = postSolution
		SolutionGuid = {A654DF3E-1D7B-4DB5-923D-F80CA4521A9B}
	EndGlobalSection
EndGlobal
